{
  "name": "SiteBlocker",
  "lockfileVersion": 2,
  "requires": true,
  "packages": {
    "": {
      "dependencies": {
        "chrome-types": "^0.1.264"
      }
    },
    "node_modules/chrome-types": {
      "version": "0.1.264",
      "resolved": "https://registry.npmjs.org/chrome-types/-/chrome-types-0.1.264.tgz",
      "integrity": "sha512-JvWWvO90jwgIqCjQMWi4ex9bGzXriZQjkjP1cfGpbYJbWQzbE314sslcAG7UmokU3rQa08n6vUYMeEBQGmkxJg=="
    }
  },
  "dependencies": {
    "chrome-types": {
      "version": "0.1.264",
      "resolved": "https://registry.npmjs.org/chrome-types/-/chrome-types-0.1.264.tgz",
      "integrity": "sha512-JvWWvO90jwgIqCjQMWi4ex9bGzXriZQjkjP1cfGpbYJbWQzbE314sslcAG7UmokU3rQa08n6vUYMeEBQGmkxJg=="
    }
  }
}
